
Microsoft Visual Studio Solution File, Format Version 12.00
# Visual Studio Version 17
VisualStudioVersion = 17.4.33213.308
MinimumVisualStudioVersion = 10.0.40219.1
Project("{FAE04EC0-301F-11D3-BF4B-00C04F79EFBC}") = "AMS_WebAPI", "AMS_WebAPI.csproj", "{17F3C39E-31E9-48A6-A6B9-D5FE5406D9A7}"
EndProject
Global
	GlobalSection(SolutionConfigurationPlatforms) = preSolution
		Debug|Any CPU = Debug|Any CPU
		Release|Any CPU = Release|Any CPU
	EndGlobalSection
	GlobalSection(ProjectConfigurationPlatforms) = postSolution
		{17F3C39E-31E9-48A6-A6B9-D5FE5406D9A7}.Debug|Any CPU.ActiveCfg = Debug|Any CPU
		{17F3C39E-31E9-48A6-A6B9-D5FE5406D9A7}.Debug|Any CPU.Build.0 = Debug|Any CPU
		{17F3C39E-31E9-48A6-A6B9-D5FE5406D9A7}.Release|Any CPU.ActiveCfg = Release|Any CPU
		{17F3C39E-31E9-48A6-A6B9-D5FE5406D9A7}.Release|Any CPU.Build.0 = Release|Any CPU
	EndGlobalSection
	GlobalSection(SolutionProperties) = preSolution
		HideSolutionNode = FALSE
	EndGlobalSection
	GlobalSection(ExtensibilityGlobals) = postSolution
		SolutionGuid = {7D908EE9-D1CC-4908-AF44-D06F141BB876}
	EndGlobalSection
EndGlobal
